
Microsoft Visual Studio Solution File, Format Version 12.00
# Visual Studio Version 17
VisualStudioVersion = 17.14.36301.6
MinimumVisualStudioVersion = 10.0.40219.1
Project("{FAE04EC0-301F-11D3-BF4B-00C04F79EFBC}") = "MCP", "MCP\MCP.csproj", "{04403722-3F94-4024-84CE-4B4281A97B40}"
EndProject
Project("{FAE04EC0-301F-11D3-BF4B-00C04F79EFBC}") = "API", "API\API.csproj", "{28BD5B64-DAC2-40B0-9D46-BE3B2F4AE77D}"
EndProject
Project("{E53339B2-1760-4266-BCC7-CA923CBCF16C}") = "docker-compose", "docker-compose.dcproj", "{81DDED9D-158B-E303-5F62-77A2896D2A5A}"
EndProject
Project("{FAE04EC0-301F-11D3-BF4B-00C04F79EFBC}") = "CONSOLECHAT", "CONSOLECHAT\CONSOLECHAT.csproj", "{A757D195-598C-46A2-86B5-32BA6556527B}"
EndProject
Global
	GlobalSection(SolutionConfigurationPlatforms) = preSolution
		Debug|Any CPU = Debug|Any CPU
		Release|Any CPU = Release|Any CPU
	EndGlobalSection
	GlobalSection(ProjectConfigurationPlatforms) = postSolution
		{04403722-3F94-4024-84CE-4B4281A97B40}.Debug|Any CPU.ActiveCfg = Debug|Any CPU
		{04403722-3F94-4024-84CE-4B4281A97B40}.Debug|Any CPU.Build.0 = Debug|Any CPU
		{04403722-3F94-4024-84CE-4B4281A97B40}.Release|Any CPU.ActiveCfg = Release|Any CPU
		{04403722-3F94-4024-84CE-4B4281A97B40}.Release|Any CPU.Build.0 = Release|Any CPU
		{28BD5B64-DAC2-40B0-9D46-BE3B2F4AE77D}.Debug|Any CPU.ActiveCfg = Debug|Any CPU
		{28BD5B64-DAC2-40B0-9D46-BE3B2F4AE77D}.Debug|Any CPU.Build.0 = Debug|Any CPU
		{28BD5B64-DAC2-40B0-9D46-BE3B2F4AE77D}.Release|Any CPU.ActiveCfg = Release|Any CPU
		{28BD5B64-DAC2-40B0-9D46-BE3B2F4AE77D}.Release|Any CPU.Build.0 = Release|Any CPU
		{81DDED9D-158B-E303-5F62-77A2896D2A5A}.Debug|Any CPU.ActiveCfg = Debug|Any CPU
		{81DDED9D-158B-E303-5F62-77A2896D2A5A}.Debug|Any CPU.Build.0 = Debug|Any CPU
		{81DDED9D-158B-E303-5F62-77A2896D2A5A}.Release|Any CPU.ActiveCfg = Release|Any CPU
		{81DDED9D-158B-E303-5F62-77A2896D2A5A}.Release|Any CPU.Build.0 = Release|Any CPU
		{A757D195-598C-46A2-86B5-32BA6556527B}.Debug|Any CPU.ActiveCfg = Debug|Any CPU
		{A757D195-598C-46A2-86B5-32BA6556527B}.Debug|Any CPU.Build.0 = Debug|Any CPU
		{A757D195-598C-46A2-86B5-32BA6556527B}.Release|Any CPU.ActiveCfg = Release|Any CPU
		{A757D195-598C-46A2-86B5-32BA6556527B}.Release|Any CPU.Build.0 = Release|Any CPU
	EndGlobalSection
	GlobalSection(SolutionProperties) = preSolution
		HideSolutionNode = FALSE
	EndGlobalSection
	GlobalSection(ExtensibilityGlobals) = postSolution
		SolutionGuid = {1427759D-9707-499C-8E04-F06BC357860D}
	EndGlobalSection
EndGlobal
